// !$*UTF8*$!
{
	archiveVersion = 1;
	classes = {
	};
	objectVersion = 46;
	objects = {

/* Begin PBXBuildFile section */
		F90213ED1F4D244900255D73 /* AppDelegate.swift in Sources */ = {isa = PBXBuildFile; fileRef = F90213EC1F4D244900255D73 /* AppDelegate.swift */; };
		F90213EF1F4D244900255D73 /* ViewController.swift in Sources */ = {isa = PBXBuildFile; fileRef = F90213EE1F4D244900255D73 /* ViewController.swift */; };
		F90213F21F4D244900255D73 /* Main.storyboard in Resources */ = {isa = PBXBuildFile; fileRef = F90213F01F4D244900255D73 /* Main.storyboard */; };
		F90213F51F4D244900255D73 /* IOS_Training.xcdatamodeld in Sources */ = {isa = PBXBuildFile; fileRef = F90213F31F4D244900255D73 /* IOS_Training.xcdatamodeld */; };
		F90213F71F4D244900255D73 /* Assets.xcassets in Resources */ = {isa = PBXBuildFile; fileRef = F90213F61F4D244900255D73 /* Assets.xcassets */; };
		F90213FA1F4D244900255D73 /* LaunchScreen.storyboard in Resources */ = {isa = PBXBuildFile; fileRef = F90213F81F4D244900255D73 /* LaunchScreen.storyboard */; };
		F90214051F4D244900255D73 /* IOS_TrainingTests.swift in Sources */ = {isa = PBXBuildFile; fileRef = F90214041F4D244900255D73 /* IOS_TrainingTests.swift */; };
		F90214101F4D244900255D73 /* IOS_TrainingUITests.swift in Sources */ = {isa = PBXBuildFile; fileRef = F902140F1F4D244900255D73 /* IOS_TrainingUITests.swift */; };
		F902141F1F4D27CD00255D73 /* FirstTab.storyboard in Resources */ = {isa = PBXBuildFile; fileRef = F902141D1F4D27CD00255D73 /* FirstTab.storyboard */; };
		F90214211F4D27E800255D73 /* secondTab.storyboard in Resources */ = {isa = PBXBuildFile; fileRef = F90214201F4D27E800255D73 /* secondTab.storyboard */; };
		F90214241F4D2EFB00255D73 /* ThirdTab.storyboard in Resources */ = {isa = PBXBuildFile; fileRef = F90214221F4D2EFB00255D73 /* ThirdTab.storyboard */; };
		F90214261F4D396400255D73 /* DetailViewController.swift in Sources */ = {isa = PBXBuildFile; fileRef = F90214251F4D396400255D73 /* DetailViewController.swift */; };
/* End PBXBuildFile section */

/* Begin PBXContainerItemProxy section */
		F90214011F4D244900255D73 /* PBXContainerItemProxy */ = {
			isa = PBXContainerItemProxy;
			containerPortal = F90213E11F4D244900255D73 /* Project object */;
			proxyType = 1;
			remoteGlobalIDString = F90213E81F4D244900255D73;
			remoteInfo = "IOS-Training";
		};
		F902140C1F4D244900255D73 /* PBXContainerItemProxy */ = {
			isa = PBXContainerItemProxy;
			containerPortal = F90213E11F4D244900255D73 /* Project object */;
			proxyType = 1;
			remoteGlobalIDString = F90213E81F4D244900255D73;
			remoteInfo = "IOS-Training";
		};
/* End PBXContainerItemProxy section */

/* Begin PBXFileReference section */
		F90213E91F4D244900255D73 /* IOS-Training.app */ = {isa = PBXFileReference; explicitFileType = wrapper.application; includeInIndex = 0; path = "IOS-Training.app"; sourceTree = BUILT_PRODUCTS_DIR; };
		F90213EC1F4D244900255D73 /* AppDelegate.swift */ = {isa = PBXFileReference; lastKnownFileType = sourcecode.swift; path = AppDelegate.swift; sourceTree = "<group>"; };
		F90213EE1F4D244900255D73 /* ViewController.swift */ = {isa = PBXFileReference; lastKnownFileType = sourcecode.swift; path = ViewController.swift; sourceTree = "<group>"; };
		F90213F11F4D244900255D73 /* Base */ = {isa = PBXFileReference; lastKnownFileType = file.storyboard; name = Base; path = Base.lproj/Main.storyboard; sourceTree = "<group>"; };
		F90213F41F4D244900255D73 /* IOS_Training.xcdatamodel */ = {isa = PBXFileReference; lastKnownFileType = wrapper.xcdatamodel; path = IOS_Training.xcdatamodel; sourceTree = "<group>"; };
		F90213F61F4D244900255D73 /* Assets.xcassets */ = {isa = PBXFileReference; lastKnownFileType = folder.assetcatalog; path = Assets.xcassets; sourceTree = "<group>"; };
		F90213F91F4D244900255D73 /* Base */ = {isa = PBXFileReference; lastKnownFileType = file.storyboard; name = Base; path = Base.lproj/LaunchScreen.storyboard; sourceTree = "<group>"; };
		F90213FB1F4D244900255D73 /* Info.plist */ = {isa = PBXFileReference; lastKnownFileType = text.plist.xml; path = Info.plist; sourceTree = "<group>"; };
		F90214001F4D244900255D73 /* IOS-TrainingTests.xctest */ = {isa = PBXFileReference; explicitFileType = wrapper.cfbundle; includeInIndex = 0; path = "IOS-TrainingTests.xctest"; sourceTree = BUILT_PRODUCTS_DIR; };
		F90214041F4D244900255D73 /* IOS_TrainingTests.swift */ = {isa = PBXFileReference; lastKnownFileType = sourcecode.swift; path = IOS_TrainingTests.swift; sourceTree = "<group>"; };
		F90214061F4D244900255D73 /* Info.plist */ = {isa = PBXFileReference; lastKnownFileType = text.plist.xml; path = Info.plist; sourceTree = "<group>"; };
		F902140B1F4D244900255D73 /* IOS-TrainingUITests.xctest */ = {isa = PBXFileReference; explicitFileType = wrapper.cfbundle; includeInIndex = 0; path = "IOS-TrainingUITests.xctest"; sourceTree = BUILT_PRODUCTS_DIR; };
		F902140F1F4D244900255D73 /* IOS_TrainingUITests.swift */ = {isa = PBXFileReference; lastKnownFileType = sourcecode.swift; path = IOS_TrainingUITests.swift; sourceTree = "<group>"; };
		F90214111F4D244900255D73 /* Info.plist */ = {isa = PBXFileReference; lastKnownFileType = text.plist.xml; path = Info.plist; sourceTree = "<group>"; };
		F902141E1F4D27CD00255D73 /* Base */ = {isa = PBXFileReference; lastKnownFileType = file.storyboard; name = Base; path = Base.lproj/FirstTab.storyboard; sourceTree = "<group>"; };
		F90214201F4D27E800255D73 /* secondTab.storyboard */ = {isa = PBXFileReference; fileEncoding = 4; lastKnownFileType = file.storyboard; path = secondTab.storyboard; sourceTree = "<group>"; };
		F90214231F4D2EFB00255D73 /* Base */ = {isa = PBXFileReference; lastKnownFileType = file.storyboard; name = Base; path = Base.lproj/ThirdTab.storyboard; sourceTree = "<group>"; };
		F90214251F4D396400255D73 /* DetailViewController.swift */ = {isa = PBXFileReference; fileEncoding = 4; lastKnownFileType = sourcecode.swift; path = DetailViewController.swift; sourceTree = "<group>"; };
/* End PBXFileReference section */

/* Begin PBXFrameworksBuildPhase section */
		F90213E61F4D244900255D73 /* Frameworks */ = {
			isa = PBXFrameworksBuildPhase;
			buildActionMask = 2147483647;
			files = (
			);
			runOnlyForDeploymentPostprocessing = 0;
		};
		F90213FD1F4D244900255D73 /* Frameworks */ = {
			isa = PBXFrameworksBuildPhase;
			buildActionMask = 2147483647;
			files = (
			);
			runOnlyForDeploymentPostprocessing = 0;
		};
		F90214081F4D244900255D73 /* Frameworks */ = {
			isa = PBXFrameworksBuildPhase;
			buildActionMask = 2147483647;
			files = (
			);
			runOnlyForDeploymentPostprocessing = 0;
		};
/* End PBXFrameworksBuildPhase section */

/* Begin PBXGroup section */
		F90213E01F4D244900255D73 = {
			isa = PBXGroup;
			children = (
				F90213EB1F4D244900255D73 /* IOS-Training */,
				F90214031F4D244900255D73 /* IOS-TrainingTests */,
				F902140E1F4D244900255D73 /* IOS-TrainingUITests */,
				F90213EA1F4D244900255D73 /* Products */,
			);
			sourceTree = "<group>";
		};
		F90213EA1F4D244900255D73 /* Products */ = {
			isa = PBXGroup;
			children = (
				F90213E91F4D244900255D73 /* IOS-Training.app */,
				F90214001F4D244900255D73 /* IOS-TrainingTests.xctest */,
				F902140B1F4D244900255D73 /* IOS-TrainingUITests.xctest */,
			);
			name = Products;
			sourceTree = "<group>";
		};
		F90213EB1F4D244900255D73 /* IOS-Training */ = {
			isa = PBXGroup;
			children = (
				F90213EC1F4D244900255D73 /* AppDelegate.swift */,
				F90213EE1F4D244900255D73 /* ViewController.swift */,
				F90214251F4D396400255D73 /* DetailViewController.swift */,
				F90213F01F4D244900255D73 /* Main.storyboard */,
				F90214221F4D2EFB00255D73 /* ThirdTab.storyboard */,
				F90214201F4D27E800255D73 /* secondTab.storyboard */,
				F902141D1F4D27CD00255D73 /* FirstTab.storyboard */,
				F90213F61F4D244900255D73 /* Assets.xcassets */,
				F90213F81F4D244900255D73 /* LaunchScreen.storyboard */,
				F90213FB1F4D244900255D73 /* Info.plist */,
				F90213F31F4D244900255D73 /* IOS_Training.xcdatamodeld */,
			);
			path = "IOS-Training";
			sourceTree = "<group>";
		};
		F90214031F4D244900255D73 /* IOS-TrainingTests */ = {
			isa = PBXGroup;
			children = (
				F90214041F4D244900255D73 /* IOS_TrainingTests.swift */,
				F90214061F4D244900255D73 /* Info.plist */,
			);
			path = "IOS-TrainingTests";
			sourceTree = "<group>";
		};
		F902140E1F4D244900255D73 /* IOS-TrainingUITests */ = {
			isa = PBXGroup;
			children = (
				F902140F1F4D244900255D73 /* IOS_TrainingUITests.swift */,
				F90214111F4D244900255D73 /* Info.plist */,
			);
			path = "IOS-TrainingUITests";
			sourceTree = "<group>";
		};
/* End PBXGroup section */

/* Begin PBXNativeTarget section */
		F90213E81F4D244900255D73 /* IOS-Training */ = {
			isa = PBXNativeTarget;
			buildConfigurationList = F90214141F4D244900255D73 /* Build configuration list for PBXNativeTarget "IOS-Training" */;
			buildPhases = (
				F90213E51F4D244900255D73 /* Sources */,
				F90213E61F4D244900255D73 /* Frameworks */,
				F90213E71F4D244900255D73 /* Resources */,
			);
			buildRules = (
			);
			dependencies = (
			);
			name = "IOS-Training";
			productName = "IOS-Training";
			productReference = F90213E91F4D244900255D73 /* IOS-Training.app */;
			productType = "com.apple.product-type.application";
		};
		F90213FF1F4D244900255D73 /* IOS-TrainingTests */ = {
			isa = PBXNativeTarget;
			buildConfigurationList = F90214171F4D244900255D73 /* Build configuration list for PBXNativeTarget "IOS-TrainingTests" */;
			buildPhases = (
				F90213FC1F4D244900255D73 /* Sources */,
				F90213FD1F4D244900255D73 /* Frameworks */,
				F90213FE1F4D244900255D73 /* Resources */,
			);
			buildRules = (
			);
			dependencies = (
				F90214021F4D244900255D73 /* PBXTargetDependency */,
			);
			name = "IOS-TrainingTests";
			productName = "IOS-TrainingTests";
			productReference = F90214001F4D244900255D73 /* IOS-TrainingTests.xctest */;
			productType = "com.apple.product-type.bundle.unit-test";
		};
		F902140A1F4D244900255D73 /* IOS-TrainingUITests */ = {
			isa = PBXNativeTarget;
			buildConfigurationList = F902141A1F4D244900255D73 /* Build configuration list for PBXNativeTarget "IOS-TrainingUITests" */;
			buildPhases = (
				F90214071F4D244900255D73 /* Sources */,
				F90214081F4D244900255D73 /* Frameworks */,
				F90214091F4D244900255D73 /* Resources */,
			);
			buildRules = (
			);
			dependencies = (
				F902140D1F4D244900255D73 /* PBXTargetDependency */,
			);
			name = "IOS-TrainingUITests";
			productName = "IOS-TrainingUITests";
			productReference = F902140B1F4D244900255D73 /* IOS-TrainingUITests.xctest */;
			productType = "com.apple.product-type.bundle.ui-testing";
		};
/* End PBXNativeTarget section */

/* Begin PBXProject section */
		F90213E11F4D244900255D73 /* Project object */ = {
			isa = PBXProject;
			attributes = {
				LastSwiftUpdateCheck = 0830;
				LastUpgradeCheck = 0830;
				ORGANIZATIONNAME = "Azis Senoaji Prasetyotomo";
				TargetAttributes = {
					F90213E81F4D244900255D73 = {
						CreatedOnToolsVersion = 8.3.3;
						DevelopmentTeam = 9SQSBS3ANA;
						ProvisioningStyle = Automatic;
					};
					F90213FF1F4D244900255D73 = {
						CreatedOnToolsVersion = 8.3.3;
						DevelopmentTeam = 9SQSBS3ANA;
						ProvisioningStyle = Automatic;
						TestTargetID = F90213E81F4D244900255D73;
					};
					F902140A1F4D244900255D73 = {
						CreatedOnToolsVersion = 8.3.3;
						DevelopmentTeam = 9SQSBS3ANA;
						ProvisioningStyle = Automatic;
						TestTargetID = F90213E81F4D244900255D73;
					};
				};
			};
			buildConfigurationList = F90213E41F4D244900255D73 /* Build configuration list for PBXProject "IOS-Training" */;
			compatibilityVersion = "Xcode 3.2";
			developmentRegion = English;
			hasScannedForEncodings = 0;
			knownRegions = (
				en,
				Base,
			);
			mainGroup = F90213E01F4D244900255D73;
			productRefGroup = F90213EA1F4D244900255D73 /* Products */;
			projectDirPath = "";
			projectRoot = "";
			targets = (
				F90213E81F4D244900255D73 /* IOS-Training */,
				F90213FF1F4D244900255D73 /* IOS-TrainingTests */,
				F902140A1F4D244900255D73 /* IOS-TrainingUITests */,
			);
		};
/* End PBXProject section */

/* Begin PBXResourcesBuildPhase section */
		F90213E71F4D244900255D73 /* Resources */ = {
			isa = PBXResourcesBuildPhase;
			buildActionMask = 2147483647;
			files = (
				F90213FA1F4D244900255D73 /* LaunchScreen.storyboard in Resources */,
				F90214211F4D27E800255D73 /* secondTab.storyboard in Resources */,
				F902141F1F4D27CD00255D73 /* FirstTab.storyboard in Resources */,
				F90213F71F4D244900255D73 /* Assets.xcassets in Resources */,
				F90214241F4D2EFB00255D73 /* ThirdTab.storyboard in Resources */,
				F90213F21F4D244900255D73 /* Main.storyboard in Resources */,
			);
			runOnlyForDeploymentPostprocessing = 0;
		};
		F90213FE1F4D244900255D73 /* Resources */ = {
			isa = PBXResourcesBuildPhase;
			buildActionMask = 2147483647;
			files = (
			);
			runOnlyForDeploymentPostprocessing = 0;
		};
		F90214091F4D244900255D73 /* Resources */ = {
			isa = PBXResourcesBuildPhase;
			buildActionMask = 2147483647;
			files = (
			);
			runOnlyForDeploymentPostprocessing = 0;
		};
/* End PBXResourcesBuildPhase section */

/* Begin PBXSourcesBuildPhase section */
		F90213E51F4D244900255D73 /* Sources */ = {
			isa = PBXSourcesBuildPhase;
			buildActionMask = 2147483647;
			files = (
				F90213EF1F4D244900255D73 /* ViewController.swift in Sources */,
				F90213F51F4D244900255D73 /* IOS_Training.xcdatamodeld in Sources */,
				F90213ED1F4D244900255D73 /* AppDelegate.swift in Sources */,
				F90214261F4D396400255D73 /* DetailViewController.swift in Sources */,
			);
			runOnlyForDeploymentPostprocessing = 0;
		};
		F90213FC1F4D244900255D73 /* Sources */ = {
			isa = PBXSourcesBuildPhase;
			buildActionMask = 2147483647;
			files = (
				F90214051F4D244900255D73 /* IOS_TrainingTests.swift in Sources */,
			);
			runOnlyForDeploymentPostprocessing = 0;
		};
		F90214071F4D244900255D73 /* Sources */ = {
			isa = PBXSourcesBuildPhase;
			buildActionMask = 2147483647;
			files = (
				F90214101F4D244900255D73 /* IOS_TrainingUITests.swift in Sources */,
			);
			runOnlyForDeploymentPostprocessing = 0;
		};
/* End PBXSourcesBuildPhase section */

/* Begin PBXTargetDependency section */
		F90214021F4D244900255D73 /* PBXTargetDependency */ = {
			isa = PBXTargetDependency;
			target = F90213E81F4D244900255D73 /* IOS-Training */;
			targetProxy = F90214011F4D244900255D73 /* PBXContainerItemProxy */;
		};
		F902140D1F4D244900255D73 /* PBXTargetDependency */ = {
			isa = PBXTargetDependency;
			target = F90213E81F4D244900255D73 /* IOS-Training */;
			targetProxy = F902140C1F4D244900255D73 /* PBXContainerItemProxy */;
		};
/* End PBXTargetDependency section */

/* Begin PBXVariantGroup section */
		F90213F01F4D244900255D73 /* Main.storyboard */ = {
			isa = PBXVariantGroup;
			children = (
				F90213F11F4D244900255D73 /* Base */,
			);
			name = Main.storyboard;
			sourceTree = "<group>";
		};
		F90213F81F4D244900255D73 /* LaunchScreen.storyboard */ = {
			isa = PBXVariantGroup;
			children = (
				F90213F91F4D244900255D73 /* Base */,
			);
			name = LaunchScreen.storyboard;
			sourceTree = "<group>";
		};
		F902141D1F4D27CD00255D73 /* FirstTab.storyboard */ = {
			isa = PBXVariantGroup;
			children = (
				F902141E1F4D27CD00255D73 /* Base */,
			);
			name = FirstTab.storyboard;
			sourceTree = "<group>";
		};
		F90214221F4D2EFB00255D73 /* ThirdTab.storyboard */ = {
			isa = PBXVariantGroup;
			children = (
				F90214231F4D2EFB00255D73 /* Base */,
			);
			name = ThirdTab.storyboard;
			sourceTree = "<group>";
		};
/* End PBXVariantGroup section */

/* Begin XCBuildConfiguration section */
		F90214121F4D244900255D73 /* Debug */ = {
			isa = XCBuildConfiguration;
			buildSettings = {
				ALWAYS_SEARCH_USER_PATHS = NO;
				CLANG_ANALYZER_NONNULL = YES;
				CLANG_ANALYZER_NUMBER_OBJECT_CONVERSION = YES_AGGRESSIVE;
				CLANG_CXX_LANGUAGE_STANDARD = "gnu++0x";
				CLANG_CXX_LIBRARY = "libc++";
				CLANG_ENABLE_MODULES = YES;
				CLANG_ENABLE_OBJC_ARC = YES;
				CLANG_WARN_BOOL_CONVERSION = YES;
				CLANG_WARN_CONSTANT_CONVERSION = YES;
				CLANG_WARN_DIRECT_OBJC_ISA_USAGE = YES_ERROR;
				CLANG_WARN_DOCUMENTATION_COMMENTS = YES;
				CLANG_WARN_EMPTY_BODY = YES;
				CLANG_WARN_ENUM_CONVERSION = YES;
				CLANG_WARN_INFINITE_RECURSION = YES;
				CLANG_WARN_INT_CONVERSION = YES;
				CLANG_WARN_OBJC_ROOT_CLASS = YES_ERROR;
				CLANG_WARN_SUSPICIOUS_MOVE = YES;
				CLANG_WARN_UNREACHABLE_CODE = YES;
				CLANG_WARN__DUPLICATE_METHOD_MATCH = YES;
				"CODE_SIGN_IDENTITY[sdk=iphoneos*]" = "iPhone Developer";
				COPY_PHASE_STRIP = NO;
				DEBUG_INFORMATION_FORMAT = dwarf;
				ENABLE_STRICT_OBJC_MSGSEND = YES;
				ENABLE_TESTABILITY = YES;
				GCC_C_LANGUAGE_STANDARD = gnu99;
				GCC_DYNAMIC_NO_PIC = NO;
				GCC_NO_COMMON_BLOCKS = YES;
				GCC_OPTIMIZATION_LEVEL = 0;
				GCC_PREPROCESSOR_DEFINITIONS = (
					"DEBUG=1",
					"$(inherited)",
				);
				GCC_WARN_64_TO_32_BIT_CONVERSION = YES;
				GCC_WARN_ABOUT_RETURN_TYPE = YES_ERROR;
				GCC_WARN_UNDECLARED_SELECTOR = YES;
				GCC_WARN_UNINITIALIZED_AUTOS = YES_AGGRESSIVE;
				GCC_WARN_UNUSED_FUNCTION = YES;
				GCC_WARN_UNUSED_VARIABLE = YES;
				IPHONEOS_DEPLOYMENT_TARGET = 10.3;
				MTL_ENABLE_DEBUG_INFO = YES;
				ONLY_ACTIVE_ARCH = YES;
				SDKROOT = iphoneos;
				SWIFT_ACTIVE_COMPILATION_CONDITIONS = DEBUG;
				SWIFT_OPTIMIZATION_LEVEL = "-Onone";
				TARGETED_DEVICE_FAMILY = "1,2";
			};
			name = Debug;
		};
		F90214131F4D244900255D73 /* Release */ = {
			isa = XCBuildConfiguration;
			buildSettings = {
				ALWAYS_SEARCH_USER_PATHS = NO;
				CLANG_ANALYZER_NONNULL = YES;
				CLANG_ANALYZER_NUMBER_OBJECT_CONVERSION = YES_AGGRESSIVE;
				CLANG_CXX_LANGUAGE_STANDARD = "gnu++0x";
				CLANG_CXX_LIBRARY = "libc++";
				CLANG_ENABLE_MODULES = YES;
				CLANG_ENABLE_OBJC_ARC = YES;
				CLANG_WARN_BOOL_CONVERSION = YES;
				CLANG_WARN_CONSTANT_CONVERSION = YES;
				CLANG_WARN_DIRECT_OBJC_ISA_USAGE = YES_ERROR;
				CLANG_WARN_DOCUMENTATION_COMMENTS = YES;
				CLANG_WARN_EMPTY_BODY = YES;
				CLANG_WARN_ENUM_CONVERSION = YES;
				CLANG_WARN_INFINITE_RECURSION = YES;
				CLANG_WARN_INT_CONVERSION = YES;
				CLANG_WARN_OBJC_ROOT_CLASS = YES_ERROR;
				CLANG_WARN_SUSPICIOUS_MOVE = YES;
				CLANG_WARN_UNREACHABLE_CODE = YES;
				CLANG_WARN__DUPLICATE_METHOD_MATCH = YES;
				"CODE_SIGN_IDENTITY[sdk=iphoneos*]" = "iPhone Developer";
				COPY_PHASE_STRIP = NO;
				DEBUG_INFORMATION_FORMAT = "dwarf-with-dsym";
				ENABLE_NS_ASSERTIONS = NO;
				ENABLE_STRICT_OBJC_MSGSEND = YES;
				GCC_C_LANGUAGE_STANDARD = gnu99;
				GCC_NO_COMMON_BLOCKS = YES;
				GCC_WARN_64_TO_32_BIT_CONVERSION = YES;
				GCC_WARN_ABOUT_RETURN_TYPE = YES_ERROR;
				GCC_WARN_UNDECLARED_SELECTOR = YES;
				GCC_WARN_UNINITIALIZED_AUTOS = YES_AGGRESSIVE;
				GCC_WARN_UNUSED_FUNCTION = YES;
				GCC_WARN_UNUSED_VARIABLE = YES;
				IPHONEOS_DEPLOYMENT_TARGET = 10.3;
				MTL_ENABLE_DEBUG_INFO = NO;
				SDKROOT = iphoneos;
				SWIFT_OPTIMIZATION_LEVEL = "-Owholemodule";
				TARGETED_DEVICE_FAMILY = "1,2";
				VALIDATE_PRODUCT = YES;
			};
			name = Release;
		};
		F90214151F4D244900255D73 /* Debug */ = {
			isa = XCBuildConfiguration;
			buildSettings = {
				ASSETCATALOG_COMPILER_APPICON_NAME = AppIcon;
				DEVELOPMENT_TEAM = 9SQSBS3ANA;
				INFOPLIST_FILE = "IOS-Training/Info.plist";
				IPHONEOS_DEPLOYMENT_TARGET = 10.0;
				LD_RUNPATH_SEARCH_PATHS = "$(inherited) @executable_path/Frameworks";
				PRODUCT_BUNDLE_IDENTIFIER = "us.altastrat.pushtest.ios.IOS-Training";
				PRODUCT_NAME = "$(TARGET_NAME)";
				SWIFT_VERSION = 3.0;
			};
			name = Debug;
		};
		F90214161F4D244900255D73 /* Release */ = {
			isa = XCBuildConfiguration;
			buildSettings = {
				ASSETCATALOG_COMPILER_APPICON_NAME = AppIcon;
				DEVELOPMENT_TEAM = 9SQSBS3ANA;
				INFOPLIST_FILE = "IOS-Training/Info.plist";
				IPHONEOS_DEPLOYMENT_TARGET = 10.0;
				LD_RUNPATH_SEARCH_PATHS = "$(inherited) @executable_path/Frameworks";
				PRODUCT_BUNDLE_IDENTIFIER = "us.altastrat.pushtest.ios.IOS-Training";
				PRODUCT_NAME = "$(TARGET_NAME)";
				SWIFT_VERSION = 3.0;
			};
			name = Release;
		};
		F90214181F4D244900255D73 /* Debug */ = {
			isa = XCBuildConfiguration;
			buildSettings = {
				ALWAYS_EMBED_SWIFT_STANDARD_LIBRARIES = YES;
				BUNDLE_LOADER = "$(TEST_HOST)";
				DEVELOPMENT_TEAM = 9SQSBS3ANA;
				INFOPLIST_FILE = "IOS-TrainingTests/Info.plist";
				LD_RUNPATH_SEARCH_PATHS = "$(inherited) @executable_path/Frameworks @loader_path/Frameworks";
				PRODUCT_BUNDLE_IDENTIFIER = "us.altastrat.pushtest.ios.IOS-TrainingTests";
				PRODUCT_NAME = "$(TARGET_NAME)";
				SWIFT_VERSION = 3.0;
				TEST_HOST = "$(BUILT_PRODUCTS_DIR)/IOS-Training.app/IOS-Training";
			};
			name = Debug;
		};
		F90214191F4D244900255D73 /* Release */ = {
			isa = XCBuildConfiguration;
			buildSettings = {
				ALWAYS_EMBED_SWIFT_STANDARD_LIBRARIES = YES;
				BUNDLE_LOADER = "$(TEST_HOST)";
				DEVELOPMENT_TEAM = 9SQSBS3ANA;
				INFOPLIST_FILE = "IOS-TrainingTests/Info.plist";
				LD_RUNPATH_SEARCH_PATHS = "$(inherited) @executable_path/Frameworks @loader_path/Frameworks";
				PRODUCT_BUNDLE_IDENTIFIER = "us.altastrat.pushtest.ios.IOS-TrainingTests";
				PRODUCT_NAME = "$(TARGET_NAME)";
				SWIFT_VERSION = 3.0;
				TEST_HOST = "$(BUILT_PRODUCTS_DIR)/IOS-Training.app/IOS-Training";
			};
			name = Release;
		};
		F902141B1F4D244900255D73 /* Debug */ = {
			isa = XCBuildConfiguration;
			buildSettings = {
				ALWAYS_EMBED_SWIFT_STANDARD_LIBRARIES = YES;
				DEVELOPMENT_TEAM = 9SQSBS3ANA;
				INFOPLIST_FILE = "IOS-TrainingUITests/Info.plist";
				LD_RUNPATH_SEARCH_PATHS = "$(inherited) @executable_path/Frameworks @loader_path/Frameworks";
				PRODUCT_BUNDLE_IDENTIFIER = "us.altastrat.pushtest.ios.IOS-TrainingUITests";
				PRODUCT_NAME = "$(TARGET_NAME)";
				SWIFT_VERSION = 3.0;
				TEST_TARGET_NAME = "IOS-Training";
			};
			name = Debug;
		};
		F902141C1F4D244900255D73 /* Release */ = {
			isa = XCBuildConfiguration;
			buildSettings = {
				ALWAYS_EMBED_SWIFT_STANDARD_LIBRARIES = YES;
				DEVELOPMENT_TEAM = 9SQSBS3ANA;
				INFOPLIST_FILE = "IOS-TrainingUITests/Info.plist";
				LD_RUNPATH_SEARCH_PATHS = "$(inherited) @executable_path/Frameworks @loader_path/Frameworks";
				PRODUCT_BUNDLE_IDENTIFIER = "us.altastrat.pushtest.ios.IOS-TrainingUITests";
				PRODUCT_NAME = "$(TARGET_NAME)";
				SWIFT_VERSION = 3.0;
				TEST_TARGET_NAME = "IOS-Training";
			};
			name = Release;
		};
/* End XCBuildConfiguration section */

/* Begin XCConfigurationList section */
		F90213E41F4D244900255D73 /* Build configuration list for PBXProject "IOS-Training" */ = {
			isa = XCConfigurationList;
			buildConfigurations = (
				F90214121F4D244900255D73 /* Debug */,
				F90214131F4D244900255D73 /* Release */,
			);
			defaultConfigurationIsVisible = 0;
			defaultConfigurationName = Release;
		};
		F90214141F4D244900255D73 /* Build configuration list for PBXNativeTarget "IOS-Training" */ = {
			isa = XCConfigurationList;
			buildConfigurations = (
				F90214151F4D244900255D73 /* Debug */,
				F90214161F4D244900255D73 /* Release */,
			);
			defaultConfigurationIsVisible = 0;
			defaultConfigurationName = Release;
		};
		F90214171F4D244900255D73 /* Build configuration list for PBXNativeTarget "IOS-TrainingTests" */ = {
			isa = XCConfigurationList;
			buildConfigurations = (
				F90214181F4D244900255D73 /* Debug */,
				F90214191F4D244900255D73 /* Release */,
			);
			defaultConfigurationIsVisible = 0;
			defaultConfigurationName = Release;
		};
		F902141A1F4D244900255D73 /* Build configuration list for PBXNativeTarget "IOS-TrainingUITests" */ = {
			isa = XCConfigurationList;
			buildConfigurations = (
				F902141B1F4D244900255D73 /* Debug */,
				F902141C1F4D244900255D73 /* Release */,
			);
			defaultConfigurationIsVisible = 0;
			defaultConfigurationName = Release;
		};
/* End XCConfigurationList section */

/* Begin XCVersionGroup section */
		F90213F31F4D244900255D73 /* IOS_Training.xcdatamodeld */ = {
			isa = XCVersionGroup;
			children = (
				F90213F41F4D244900255D73 /* IOS_Training.xcdatamodel */,
			);
			currentVersion = F90213F41F4D244900255D73 /* IOS_Training.xcdatamodel */;
			path = IOS_Training.xcdatamodeld;
			sourceTree = "<group>";
			versionGroupType = wrapper.xcdatamodel;
		};
/* End XCVersionGroup section */
	};
	rootObject = F90213E11F4D244900255D73 /* Project object */;
}
